
Microsoft Visual Studio Solution File, Format Version 12.00
# Visual Studio Version 16
VisualStudioVersion = 16.0.29215.179
MinimumVisualStudioVersion = 10.0.40219.1
Project("{888888A0-9F3D-457C-B088-3A5042F75D52}") = "SpirallingOutOfOrbit", "SpirallingOutOfOrbit\SpirallingOutOfOrbit.pyproj", "{96CFE28E-99FD-46E7-9A9B-D7616375F158}"
EndProject
Global
	GlobalSection(SolutionConfigurationPlatforms) = preSolution
		Debug|Any CPU = Debug|Any CPU
		Release|Any CPU = Release|Any CPU
	EndGlobalSection
	GlobalSection(ProjectConfigurationPlatforms) = postSolution
		{96CFE28E-99FD-46E7-9A9B-D7616375F158}.Debug|Any CPU.ActiveCfg = Debug|Any CPU
		{96CFE28E-99FD-46E7-9A9B-D7616375F158}.Release|Any CPU.ActiveCfg = Release|Any CPU
	EndGlobalSection
	GlobalSection(SolutionProperties) = preSolution
		HideSolutionNode = FALSE
	EndGlobalSection
	GlobalSection(ExtensibilityGlobals) = postSolution
		SolutionGuid = {8B9856A7-E244-4D73-B9FC-5F3395F66FAA}
	EndGlobalSection
EndGlobal
